
Microsoft Visual Studio Solution File, Format Version 12.00
Project("{2150E333-8FDC-42A3-9474-1A3956D46DE8}") = "common", "common", "{856FC02A-EBE4-4556-BD60-7C4CF8E46630}"
ProjectSection(SolutionItems) = preProject
	readme.md = readme.md
	.gitignore = .gitignore
	Dockerfile = Dockerfile
EndProjectSection
EndProject
Project("{2150E333-8FDC-42A3-9474-1A3956D46DE8}") = "src", "src", "{C4FE21AA-857B-4E60-AC7C-D42C5BD600FF}"
EndProject
Project("{2150E333-8FDC-42A3-9474-1A3956D46DE8}") = "tests", "tests", "{71003E78-A87E-498E-A7C5-7DCACDA25F2D}"
EndProject
Project("{FAE04EC0-301F-11D3-BF4B-00C04F79EFBC}") = "OzonEdu.MerchandiseService", "src\OzonEdu.MerchandiseService\OzonEdu.MerchandiseService.csproj", "{89A76A93-BD99-4AEE-92F8-3E43983843A4}"
EndProject
Global
	GlobalSection(SolutionConfigurationPlatforms) = preSolution
		Debug|Any CPU = Debug|Any CPU
		Release|Any CPU = Release|Any CPU
	EndGlobalSection
	GlobalSection(NestedProjects) = preSolution
		{89A76A93-BD99-4AEE-92F8-3E43983843A4} = {C4FE21AA-857B-4E60-AC7C-D42C5BD600FF}
	EndGlobalSection
	GlobalSection(ProjectConfigurationPlatforms) = postSolution
		{89A76A93-BD99-4AEE-92F8-3E43983843A4}.Debug|Any CPU.ActiveCfg = Debug|Any CPU
		{89A76A93-BD99-4AEE-92F8-3E43983843A4}.Debug|Any CPU.Build.0 = Debug|Any CPU
		{89A76A93-BD99-4AEE-92F8-3E43983843A4}.Release|Any CPU.ActiveCfg = Release|Any CPU
		{89A76A93-BD99-4AEE-92F8-3E43983843A4}.Release|Any CPU.Build.0 = Release|Any CPU
	EndGlobalSection
EndGlobal
